<?xml version="1.0" encoding="utf-8"?>
<Project ToolsVersion="4.0" xmlns="http://schemas.microsoft.com/developer/msbuild/2003">
  <ItemGroup>
    <Filter Include="Source Files">
      <UniqueIdentifier>{4FC737F1-C7A5-4376-A066-2A32D752A2FF}</UniqueIdentifier>
      <Extensions>cpp;c;cc;cxx;def;odl;idl;hpj;bat;asm;asmx</Extensions>
    </Filter>
    <Filter Include="Header Files">
      <UniqueIdentifier>{93995380-89BD-4b04-88EB-625FBE52EBFB}</UniqueIdentifier>
      <Extensions>h;hh;hpp;hxx;hm;inl;inc;ipp;xsd</Extensions>
    </Filter>
    <Filter Include="Resource Files">
      <UniqueIdentifier>{67DA6AB6-F800-4c08-8B7A-83BB121AAD01}</UniqueIdentifier>
      <Extensions>rc;ico;cur;bmp;dlg;rc2;rct;bin;rgs;gif;jpg;jpeg;jpe;resx;tiff;tif;png;wav;mfcribbon-ms</Extensions>
    </Filter>
  </ItemGroup>
  <ItemGroup>
    <ClInclude Include="Headers\org\segames\library\dllmain.h">
      <Filter>Header Files</Filter>
    </ClInclude>
    <ClInclude Include="Headers\org\segames\library\math\math.h">
      <Filter>Header Files</Filter>
    </ClInclude>
    <ClInclude Include="Headers\org\segames\library\system.h">
      <Filter>Header Files</Filter>
    </ClInclude>
    <ClInclude Include="Headers\org\segames\library\library.h">
      <Filter>Header Files</Filter>
    </ClInclude>
    <ClInclude Include="Headers\org\segames\library\core.h">
      <Filter>Header Files</Filter>
    </ClInclude>
    <ClInclude Include="Headers\org\segames\library\object.h">
      <Filter>Header Files</Filter>
    </ClInclude>
    <ClInclude Include="Headers\org\segames\library\exception.h">
      <Filter>Header Files</Filter>
    </ClInclude>
    <ClInclude Include="Headers\org\segames\library\null_pointer_exception.h">
      <Filter>Header Files</Filter>
    </ClInclude>
    <ClInclude Include="Headers\org\segames\library\invalid_value_exception.h">
      <Filter>Header Files</Filter>
    </ClInclude>
    <ClInclude Include="Headers\org\segames\library\index_out_of_bounds_exception.h">
      <Filter>Header Files</Filter>
    </ClInclude>
    <ClInclude Include="Headers\org\segames\library\array_index_out_of_bounds_exception.h">
      <Filter>Header Files</Filter>
    </ClInclude>
    <ClInclude Include="Headers\org\segames\library\math\vecmath.h">
      <Filter>Header Files</Filter>
    </ClInclude>
    <ClInclude Include="Headers\org\segames\library\util\random.h">
      <Filter>Header Files</Filter>
    </ClInclude>
    <ClInclude Include="Headers\org\segames\library\util\timer.h">
      <Filter>Header Files</Filter>
    </ClInclude>
    <ClInclude Include="Headers\org\segames\library\util\list.h">
      <Filter>Header Files</Filter>
    </ClInclude>
    <ClInclude Include="Headers\org\segames\library\util\array_list.h">
      <Filter>Header Files</Filter>
    </ClInclude>
    <ClInclude Include="Headers\org\segames\library\util\linked_list.h">
      <Filter>Header Files</Filter>
    </ClInclude>
    <ClInclude Include="Headers\org\segames\library\util\abstract_list.h">
      <Filter>Header Files</Filter>
    </ClInclude>
    <ClInclude Include="Headers\org\segames\library\util\queue.h">
      <Filter>Header Files</Filter>
    </ClInclude>
    <ClInclude Include="Headers\org\segames\library\util\array_queue.h">
      <Filter>Header Files</Filter>
    </ClInclude>
    <ClInclude Include="Headers\org\segames\library\util\stack.h">
      <Filter>Header Files</Filter>
    </ClInclude>
    <ClInclude Include="Headers\org\segames\library\util\array_stack.h">
      <Filter>Header Files</Filter>
    </ClInclude>
    <ClInclude Include="Headers\org\segames\library\util\array_backed.h">
      <Filter>Header Files</Filter>
    </ClInclude>
    <ClInclude Include="Headers\org\segames\library\util\array.h">
      <Filter>Header Files</Filter>
    </ClInclude>
    <ClInclude Include="Headers\org\segames\library\hashable.h">
      <Filter>Header Files</Filter>
    </ClInclude>
    <ClInclude Include="Headers\org\segames\library\util\iterator.h">
      <Filter>Header Files</Filter>
    </ClInclude>
    <ClInclude Include="Headers\org\segames\library\util\iterable.h">
      <Filter>Header Files</Filter>
    </ClInclude>
    <ClInclude Include="Headers\org\segames\library\util\list_iterator.h">
      <Filter>Header Files</Filter>
    </ClInclude>
    <ClInclude Include="Headers\org\segames\library\glfw\glfw_listener.h">
      <Filter>Header Files</Filter>
    </ClInclude>
    <ClInclude Include="Headers\org\segames\library\glfw\glfw_window_size_listener.h">
      <Filter>Header Files</Filter>
    </ClInclude>
    <ClInclude Include="Headers\org\segames\library\glfw\glfw_window.h">
      <Filter>Header Files</Filter>
    </ClInclude>
    <ClInclude Include="Headers\org\segames\library\glfw\glfw_iconification_listener.h">
      <Filter>Header Files</Filter>
    </ClInclude>
    <ClInclude Include="Headers\org\segames\library\glfw\glfw_mouse_position_listener.h">
      <Filter>Header Files</Filter>
    </ClInclude>
    <ClInclude Include="Headers\org\segames\library\glfw\glfw_mouse_button_listener.h">
      <Filter>Header Files</Filter>
    </ClInclude>
    <ClInclude Include="Headers\org\segames\library\glfw\glfw_key_listener.h">
      <Filter>Header Files</Filter>
    </ClInclude>
    <ClInclude Include="Headers\org\segames\library\thread\volatile.h">
      <Filter>Header Files</Filter>
    </ClInclude>
    <ClInclude Include="Headers\org\segames\library\io\file.h">
      <Filter>Header Files</Filter>
    </ClInclude>
    <ClInclude Include="Headers\org\segames\library\io\file_attributes.h">
      <Filter>Header Files</Filter>
    </ClInclude>
    <ClInclude Include="Headers\org\segames\library\util\string_util.h">
      <Filter>Header Files</Filter>
    </ClInclude>
    <ClInclude Include="Headers\org\segames\library\thread\synchronized.h">
      <Filter>Header Files</Filter>
    </ClInclude>
    <ClInclude Include="Headers\org\segames\library\util\simplex_noise.h">
      <Filter>Header Files</Filter>
    </ClInclude>
    <ClInclude Include="Headers\org\segames\library\util\fractal_noise.h">
      <Filter>Header Files</Filter>
    </ClInclude>
    <ClInclude Include="Headers\org\segames\library\gl\gl_pointer_inf.h">
      <Filter>Header Files</Filter>
    </ClInclude>
    <ClInclude Include="Headers\org\segames\library\gl\gl_bindable.h">
      <Filter>Header Files</Filter>
    </ClInclude>
    <ClInclude Include="Headers\org\segames\library\gl\gl_shader.h">
      <Filter>Header Files</Filter>
    </ClInclude>
    <ClInclude Include="Headers\org\segames\library\io\file_not_found_exception.h">
      <Filter>Header Files</Filter>
    </ClInclude>
    <ClInclude Include="Headers\org\segames\library\gl\gl_exception.h">
      <Filter>Header Files</Filter>
    </ClInclude>
    <ClInclude Include="Headers\org\segames\library\io\io_exception.h">
      <Filter>Header Files</Filter>
    </ClInclude>
    <ClInclude Include="Headers\org\segames\library\gl\gl_buffer.h">
      <Filter>Header Files</Filter>
    </ClInclude>
    <ClInclude Include="Headers\org\segames\library\gl\gl_backed_buffer.h">
      <Filter>Header Files</Filter>
    </ClInclude>
    <ClInclude Include="Headers\org\segames\library\gl\gl_pointer_binding.h">
      <Filter>Header Files</Filter>
    </ClInclude>
    <ClInclude Include="Headers\org\segames\library\gl\gl_data_type.h">
      <Filter>Header Files</Filter>
    </ClInclude>
    <ClInclude Include="Headers\org\segames\library\gl\gl_core.h">
      <Filter>Header Files</Filter>
    </ClInclude>
    <ClInclude Include="Headers\org\segames\library\gl\texture\gl_texture.h">
      <Filter>Header Files</Filter>
    </ClInclude>
    <ClInclude Include="Headers\org\segames\library\math\dimension.h">
      <Filter>Header Files</Filter>
    </ClInclude>
    <ClInclude Include="Headers\org\segames\library\math\dimension_2.h">
      <Filter>Header Files</Filter>
    </ClInclude>
    <ClInclude Include="Headers\org\segames\library\math\dimension_3.h">
      <Filter>Header Files</Filter>
    </ClInclude>
  </ItemGroup>
  <ItemGroup>
    <ClCompile Include="Sources\debug_shared\debug.cpp">
      <Filter>Source Files</Filter>
    </ClCompile>
    <ClCompile Include="Sources\org\segames\library\core.cpp">
      <Filter>Source Files</Filter>
    </ClCompile>
    <ClCompile Include="Sources\org\segames\library\dllmain.cpp">
      <Filter>Source Files</Filter>
    </ClCompile>
    <ClCompile Include="Sources\org\segames\library\object.cpp">
      <Filter>Source Files</Filter>
    </ClCompile>
    <ClCompile Include="Sources\org\segames\library\exception.cpp">
      <Filter>Source Files</Filter>
    </ClCompile>
    <ClCompile Include="Sources\org\segames\library\null_pointer_exception.cpp">
      <Filter>Source Files</Filter>
    </ClCompile>
    <ClCompile Include="Sources\org\segames\library\invalid_value_exception.cpp">
      <Filter>Source Files</Filter>
    </ClCompile>
    <ClCompile Include="Sources\org\segames\library\index_out_of_bounds_exception.cpp">
      <Filter>Source Files</Filter>
    </ClCompile>
    <ClCompile Include="Sources\org\segames\library\array_index_out_of_bounds_exception.cpp">
      <Filter>Source Files</Filter>
    </ClCompile>
    <ClCompile Include="Sources\org\segames\library\util\timer.cpp">
      <Filter>Source Files</Filter>
    </ClCompile>
    <ClCompile Include="Sources\org\segames\library\math\math.cpp">
      <Filter>Source Files</Filter>
    </ClCompile>
    <ClCompile Include="Sources\glad.c">
      <Filter>Source Files</Filter>
    </ClCompile>
    <ClCompile Include="Sources\org\segames\library\hashable.cpp">
      <Filter>Source Files</Filter>
    </ClCompile>
    <ClCompile Include="Sources\org\segames\library\glfw\glfw_window_size_listener.cpp">
      <Filter>Source Files</Filter>
    </ClCompile>
    <ClCompile Include="Sources\org\segames\library\glfw\glfw_window.cpp">
      <Filter>Source Files</Filter>
    </ClCompile>
    <ClCompile Include="Sources\org\segames\library\glfw\glfw_iconification_listener.cpp">
      <Filter>Source Files</Filter>
    </ClCompile>
    <ClCompile Include="Sources\org\segames\library\glfw\glfw_mouse_position_listener.cpp">
      <Filter>Source Files</Filter>
    </ClCompile>
    <ClCompile Include="Sources\org\segames\library\glfw\glfw_mouse_button_listener.cpp">
      <Filter>Source Files</Filter>
    </ClCompile>
    <ClCompile Include="Sources\org\segames\library\glfw\glfw_key_listener.cpp">
      <Filter>Source Files</Filter>
    </ClCompile>
    <ClCompile Include="Sources\org\segames\library\io\file.cpp">
      <Filter>Source Files</Filter>
    </ClCompile>
    <ClCompile Include="Sources\org\segames\library\io\file_attributes.cpp">
      <Filter>Source Files</Filter>
    </ClCompile>
    <ClCompile Include="Sources\org\segames\library\util\string_util.cpp">
      <Filter>Source Files</Filter>
    </ClCompile>
    <ClCompile Include="Sources\org\segames\library\util\simplex_noise.cpp">
      <Filter>Source Files</Filter>
    </ClCompile>
    <ClCompile Include="Sources\org\segames\library\util\fractal_noise.cpp">
      <Filter>Source Files</Filter>
    </ClCompile>
    <ClCompile Include="Sources\org\segames\library\gl\gl_pointer_inf.cpp">
      <Filter>Source Files</Filter>
    </ClCompile>
    <ClCompile Include="Sources\org\segames\library\io\file_not_found_exception.cpp">
      <Filter>Source Files</Filter>
    </ClCompile>
    <ClCompile Include="Sources\org\segames\library\gl\gl_exception.cpp">
      <Filter>Source Files</Filter>
    </ClCompile>
    <ClCompile Include="Sources\org\segames\library\gl\gl_shader.cpp">
      <Filter>Source Files</Filter>
    </ClCompile>
    <ClCompile Include="Sources\org\segames\library\io\io_exception.cpp">
      <Filter>Source Files</Filter>
    </ClCompile>
    <ClCompile Include="Sources\org\segames\library\gl\gl_buffer.cpp">
      <Filter>Source Files</Filter>
    </ClCompile>
    <ClCompile Include="Sources\org\segames\library\gl\gl_pointer_binding.cpp">
      <Filter>Source Files</Filter>
    </ClCompile>
    <ClCompile Include="Sources\org\segames\library\gl\gl_core.cpp">
      <Filter>Source Files</Filter>
    </ClCompile>
    <ClCompile Include="Sources\org\segames\library\gl\gl_texture.cpp">
      <Filter>Source Files</Filter>
    </ClCompile>
    <ClCompile Include="Sources\stb_definitions.cpp">
      <Filter>Source Files</Filter>
    </ClCompile>
  </ItemGroup>
</Project>