<?xml version="1.0" encoding="utf-8"?>
<Project ToolsVersion="4.0" xmlns="http://schemas.microsoft.com/developer/msbuild/2003">
  <ItemGroup>
    <Filter Include="Source Files">
      <UniqueIdentifier>{4FC737F1-C7A5-4376-A066-2A32D752A2FF}</UniqueIdentifier>
      <Extensions>cpp;c;cc;cxx;def;odl;idl;hpj;bat;asm;asmx</Extensions>
    </Filter>
    <Filter Include="Header Files">
      <UniqueIdentifier>{93995380-89BD-4b04-88EB-625FBE52EBFB}</UniqueIdentifier>
      <Extensions>h;hh;hpp;hxx;hm;inl;inc;ipp;xsd</Extensions>
    </Filter>
    <Filter Include="Resource Files">
      <UniqueIdentifier>{67DA6AB6-F800-4c08-8B7A-83BB121AAD01}</UniqueIdentifier>
      <Extensions>rc;ico;cur;bmp;dlg;rc2;rct;bin;rgs;gif;jpg;jpeg;jpe;resx;tiff;tif;png;wav;mfcribbon-ms</Extensions>
    </Filter>
  </ItemGroup>
  <ItemGroup>
    <ClInclude Include="Headers\org\segames\library\dllmain.h">
      <Filter>Header Files</Filter>
    </ClInclude>
    <ClInclude Include="Headers\org\segames\library\math\math.h">
      <Filter>Header Files</Filter>
    </ClInclude>
    <ClInclude Include="Headers\org\segames\library\system.h">
      <Filter>Header Files</Filter>
    </ClInclude>
    <ClInclude Include="Headers\org\segames\library\library.h">
      <Filter>Header Files</Filter>
    </ClInclude>
    <ClInclude Include="Headers\org\segames\library\core.h">
      <Filter>Header Files</Filter>
    </ClInclude>
    <ClInclude Include="Headers\org\segames\library\object.h">
      <Filter>Header Files</Filter>
    </ClInclude>
    <ClInclude Include="Headers\org\segames\library\exception.h">
      <Filter>Header Files</Filter>
    </ClInclude>
    <ClInclude Include="Headers\org\segames\library\null_pointer_exception.h">
      <Filter>Header Files</Filter>
    </ClInclude>
    <ClInclude Include="Headers\org\segames\library\invalid_value_exception.h">
      <Filter>Header Files</Filter>
    </ClInclude>
    <ClInclude Include="Headers\org\segames\library\index_out_of_bounds_exception.h">
      <Filter>Header Files</Filter>
    </ClInclude>
    <ClInclude Include="Headers\org\segames\library\array_index_out_of_bounds_exception.h">
      <Filter>Header Files</Filter>
    </ClInclude>
    <ClInclude Include="Headers\org\segames\library\math\vecmath.h">
      <Filter>Header Files</Filter>
    </ClInclude>
    <ClInclude Include="Headers\org\segames\library\util\random.h">
      <Filter>Header Files</Filter>
    </ClInclude>
    <ClInclude Include="Headers\org\segames\library\util\timer.h">
      <Filter>Header Files</Filter>
    </ClInclude>
  </ItemGroup>
  <ItemGroup>
    <ClCompile Include="Sources\debug_shared\debug.cpp">
      <Filter>Source Files</Filter>
    </ClCompile>
    <ClCompile Include="Sources\org\segames\library\core.cpp">
      <Filter>Source Files</Filter>
    </ClCompile>
    <ClCompile Include="Sources\org\segames\library\dllmain.cpp">
      <Filter>Source Files</Filter>
    </ClCompile>
    <ClCompile Include="Sources\org\segames\library\object.cpp">
      <Filter>Source Files</Filter>
    </ClCompile>
    <ClCompile Include="Sources\org\segames\library\exception.cpp">
      <Filter>Source Files</Filter>
    </ClCompile>
    <ClCompile Include="Sources\org\segames\library\null_pointer_exception.cpp">
      <Filter>Source Files</Filter>
    </ClCompile>
    <ClCompile Include="Sources\org\segames\library\invalid_value_exception.cpp">
      <Filter>Source Files</Filter>
    </ClCompile>
    <ClCompile Include="Sources\org\segames\library\index_out_of_bounds_exception.cpp">
      <Filter>Source Files</Filter>
    </ClCompile>
    <ClCompile Include="Sources\org\segames\library\array_index_out_of_bounds_exception.cpp">
      <Filter>Source Files</Filter>
    </ClCompile>
    <ClCompile Include="Sources\org\segames\library\util\timer.cpp">
      <Filter>Source Files</Filter>
    </ClCompile>
    <ClCompile Include="Sources\org\segames\library\math\math.cpp">
      <Filter>Source Files</Filter>
    </ClCompile>
    <ClCompile Include="Sources\glad.c">
      <Filter>Source Files</Filter>
    </ClCompile>
  </ItemGroup>
</Project>