<?xml version="1.0" encoding="UTF-8" standalone="yes" ?>
<CodeBlocks_project_file>
	<FileVersion major="1" minor="6" />
	<Project>
		<Option title="SEGlibCPP" />
		<Option pch_mode="2" />
		<Option compiler="gcc" />
		<Build>
			<Target title="Debug">
				<Option output="bin/SEGlibCPP_Debug" prefix_auto="1" extension_auto="1" />
				<Option object_output="obj/Debug/" />
				<Option type="1" />
				<Option compiler="gcc" />
				<Compiler>
					<Add option="-Og" />
					<Add option="-g" />
					<Add option="-export-dynamic -fpic" />
					<Add option="-DSEG_API_DEBUG" />
				</Compiler>
			</Target>
			<Target title="DebugOptimized">
				<Option output="bin/SEGlibCPP_DebugOptimized" prefix_auto="1" extension_auto="1" />
				<Option object_output="obj/DebugOptimized/" />
				<Option type="1" />
				<Option compiler="gcc" />
				<Compiler>
					<Add option="-O3" />
					<Add option="-DSEG_API_DEBUG" />
				</Compiler>
				<Linker>
					<Add option="-O3" />
					<Add option="-s" />
				</Linker>
			</Target>
			<Target title="DynamicLibrary">
				<Option output="bin/Release/SEGlibCPP" imp_lib="$(TARGET_OUTPUT_DIR)$(TARGET_OUTPUT_BASENAME).a" def_file="$(TARGET_OUTPUT_DIR)$(TARGET_OUTPUT_BASENAME).def" prefix_auto="1" extension_auto="1" />
				<Option object_output="obj/Release/" />
				<Option type="3" />
				<Option compiler="gcc" />
				<Compiler>
					<Add option="-O3" />
				</Compiler>
				<Linker>
					<Add option="-s" />
				</Linker>
			</Target>
		</Build>
		<Compiler>
			<Add option="-Wall" />
			<Add option="-std=c++1z" />
			<Add option="-fexceptions" />
			<Add directory="SEGlibCPP/Headers" />
			<Add directory="extlib/include" />
		</Compiler>
		<Linker>
			<Add library="extlib/libraries/EFX-Util_MT/EFX-Util.lib" />
			<Add library="extlib/libraries/EFX-Util_MTDLL/EFX-Util.lib" />
			<Add library="extlib/libraries/libglfw3dll.a" />
			<Add library="extlib/libraries/OpenAL32.lib" />
			<Add library="../../../Windows Kits/10/Lib/10.0.17763.0/um/x64/DbgHelp.Lib" />
			<Add library="../../../Windows Kits/10/Lib/10.0.17763.0/um/x64/kernel32.Lib" />
			<Add library="../../../Windows Kits/10/Lib/10.0.17763.0/um/x64/Psapi.Lib" />
		</Linker>
		<Unit filename="SEGlibCPP/Sources/debug_shared/debug.cpp" />
		<Unit filename="SEGlibCPP/Sources/glad.c">
			<Option compilerVar="CC" />
		</Unit>
		<Unit filename="SEGlibCPP/Sources/org/segames/library/array_index_out_of_bounds_exception.cpp" />
		<Unit filename="SEGlibCPP/Sources/org/segames/library/core.cpp" />
		<Unit filename="SEGlibCPP/Sources/org/segames/library/dllmain.cpp" />
		<Unit filename="SEGlibCPP/Sources/org/segames/library/exception.cpp" />
		<Unit filename="SEGlibCPP/Sources/org/segames/library/gl/fbo/gl_abstract_framebuffer.cpp" />
		<Unit filename="SEGlibCPP/Sources/org/segames/library/gl/fbo/gl_framebuffer.cpp" />
		<Unit filename="SEGlibCPP/Sources/org/segames/library/gl/fbo/gl_framebuffer_30.cpp" />
		<Unit filename="SEGlibCPP/Sources/org/segames/library/gl/fbo/gl_framebuffer_ext.cpp" />
		<Unit filename="SEGlibCPP/Sources/org/segames/library/gl/gl_buffer.cpp" />
		<Unit filename="SEGlibCPP/Sources/org/segames/library/gl/gl_core.cpp" />
		<Unit filename="SEGlibCPP/Sources/org/segames/library/gl/gl_exception.cpp" />
		<Unit filename="SEGlibCPP/Sources/org/segames/library/gl/gl_pointer_binding.cpp" />
		<Unit filename="SEGlibCPP/Sources/org/segames/library/gl/gl_pointer_inf.cpp" />
		<Unit filename="SEGlibCPP/Sources/org/segames/library/gl/gl_shader.cpp" />
		<Unit filename="SEGlibCPP/Sources/org/segames/library/gl/texture/gl_disc_texture.cpp" />
		<Unit filename="SEGlibCPP/Sources/org/segames/library/gl/texture/gl_physical_texture.cpp" />
		<Unit filename="SEGlibCPP/Sources/org/segames/library/gl/texture/gl_physical_texture_wrapper.cpp" />
		<Unit filename="SEGlibCPP/Sources/org/segames/library/gl/texture/gl_s3tc_texture.cpp" />
		<Unit filename="SEGlibCPP/Sources/org/segames/library/gl/texture/gl_texture.cpp" />
		<Unit filename="SEGlibCPP/Sources/org/segames/library/glfw/glfw_iconification_listener.cpp" />
		<Unit filename="SEGlibCPP/Sources/org/segames/library/glfw/glfw_key_listener.cpp" />
		<Unit filename="SEGlibCPP/Sources/org/segames/library/glfw/glfw_mouse_button_listener.cpp" />
		<Unit filename="SEGlibCPP/Sources/org/segames/library/glfw/glfw_mouse_position_listener.cpp" />
		<Unit filename="SEGlibCPP/Sources/org/segames/library/glfw/glfw_window.cpp" />
		<Unit filename="SEGlibCPP/Sources/org/segames/library/glfw/glfw_window_size_listener.cpp" />
		<Unit filename="SEGlibCPP/Sources/org/segames/library/hashable.cpp" />
		<Unit filename="SEGlibCPP/Sources/org/segames/library/index_out_of_bounds_exception.cpp" />
		<Unit filename="SEGlibCPP/Sources/org/segames/library/invalid_value_exception.cpp" />
		<Unit filename="SEGlibCPP/Sources/org/segames/library/io/file.cpp" />
		<Unit filename="SEGlibCPP/Sources/org/segames/library/io/file_attributes.cpp" />
		<Unit filename="SEGlibCPP/Sources/org/segames/library/io/file_not_found_exception.cpp" />
		<Unit filename="SEGlibCPP/Sources/org/segames/library/io/io_exception.cpp" />
		<Unit filename="SEGlibCPP/Sources/org/segames/library/math/math.cpp" />
		<Unit filename="SEGlibCPP/Sources/org/segames/library/null_pointer_exception.cpp" />
		<Unit filename="SEGlibCPP/Sources/org/segames/library/object.cpp" />
		<Unit filename="SEGlibCPP/Sources/org/segames/library/util/fractal_noise.cpp" />
		<Unit filename="SEGlibCPP/Sources/org/segames/library/util/simplex_noise.cpp" />
		<Unit filename="SEGlibCPP/Sources/org/segames/library/util/string_util.cpp" />
		<Unit filename="SEGlibCPP/Sources/org/segames/library/util/timer.cpp" />
		<Unit filename="SEGlibCPP/Sources/stb_definitions.cpp" />
		<Extensions>
			<code_completion />
			<envvars />
			<debugger />
		</Extensions>
	</Project>
</CodeBlocks_project_file>
